{
  "name": "mica-launcher-i18n-tools",
  "version": "1.0.0",
  "lockfileVersion": 3,
  "requires": true,
  "packages": {
    "": {
      "name": "mica-launcher-i18n-tools",
      "version": "1.0.0",
      "dependencies": {
        "google-translate-api-x": "^10.7.2"
      }
    },
    "node_modules/google-translate-api-x": {
      "version": "10.7.3",
      "resolved": "https://registry.npmjs.org/google-translate-api-x/-/google-translate-api-x-10.7.3.tgz",
      "integrity": "sha512-UCLhGMyzUiQQJuUjw6KM4scl4WJjMq5kYbq3eqLHB0KB96XBQ+VV7L/NUpJ9eMfVxXswXxA6xWhAX1h1OdDLZg==",
      "license": "MIT",
      "engines": {
        "node": ">=21.0.0"
      },
      "funding": {
        "type": "github",
        "url": "https://github.com/sponsors/AidanWelch"
      }
    }
  }
}
